
Microsoft Visual Studio Solution File, Format Version 12.00
# Visual Studio Version 17
VisualStudioVersion = 17.13.35828.75 d17.13
MinimumVisualStudioVersion = 10.0.40219.1
Project("{FAE04EC0-301F-11D3-BF4B-00C04F79EFBC}") = "cw_2", "cw_2\cw_2.csproj", "{E8942FEF-A88A-4B33-9F2E-89BD6E35FFEE}"
EndProject
Global
	GlobalSection(SolutionConfigurationPlatforms) = preSolution
		Debug|Any CPU = Debug|Any CPU
		Release|Any CPU = Release|Any CPU
	EndGlobalSection
	GlobalSection(ProjectConfigurationPlatforms) = postSolution
		{E8942FEF-A88A-4B33-9F2E-89BD6E35FFEE}.Debug|Any CPU.ActiveCfg = Debug|Any CPU
		{E8942FEF-A88A-4B33-9F2E-89BD6E35FFEE}.Debug|Any CPU.Build.0 = Debug|Any CPU
		{E8942FEF-A88A-4B33-9F2E-89BD6E35FFEE}.Release|Any CPU.ActiveCfg = Release|Any CPU
		{E8942FEF-A88A-4B33-9F2E-89BD6E35FFEE}.Release|Any CPU.Build.0 = Release|Any CPU
	EndGlobalSection
	GlobalSection(SolutionProperties) = preSolution
		HideSolutionNode = FALSE
	EndGlobalSection
	GlobalSection(ExtensibilityGlobals) = postSolution
		SolutionGuid = {9A962E81-3B85-47D6-B361-1CDA92B896C5}
	EndGlobalSection
EndGlobal
